
Microsoft Visual Studio Solution File, Format Version 12.00
# Visual Studio Version 16
VisualStudioVersion = 16.0.30621.155
MinimumVisualStudioVersion = 10.0.40219.1
Project("{FAE04EC0-301F-11D3-BF4B-00C04F79EFBC}") = "P3_app_plass", "P3_app_plass.csproj", "{7191AEBA-3188-43B1-BA99-1D06ADCA1821}"
EndProject
Global
	GlobalSection(SolutionConfigurationPlatforms) = preSolution
		Debug|Any CPU = Debug|Any CPU
		Release|Any CPU = Release|Any CPU
	EndGlobalSection
	GlobalSection(ProjectConfigurationPlatforms) = postSolution
		{7191AEBA-3188-43B1-BA99-1D06ADCA1821}.Debug|Any CPU.ActiveCfg = Debug|Any CPU
		{7191AEBA-3188-43B1-BA99-1D06ADCA1821}.Debug|Any CPU.Build.0 = Debug|Any CPU
		{7191AEBA-3188-43B1-BA99-1D06ADCA1821}.Release|Any CPU.ActiveCfg = Release|Any CPU
		{7191AEBA-3188-43B1-BA99-1D06ADCA1821}.Release|Any CPU.Build.0 = Release|Any CPU
	EndGlobalSection
	GlobalSection(SolutionProperties) = preSolution
		HideSolutionNode = FALSE
	EndGlobalSection
	GlobalSection(ExtensibilityGlobals) = postSolution
		SolutionGuid = {67FD52C0-9BBE-46A0-B29A-1BCFE0B5FE2F}
	EndGlobalSection
EndGlobal
